
Microsoft Visual Studio Solution File, Format Version 12.00
# Visual Studio Version 16
VisualStudioVersion = 16.0.29920.165
MinimumVisualStudioVersion = 10.0.40219.1
Project("{FAE04EC0-301F-11D3-BF4B-00C04F79EFBC}") = "BusinessLogic", "BusinessLogic\BusinessLogic.csproj", "{B456B39B-642C-4A9C-9A9C-16FC1806FE33}"
EndProject
Project("{FAE04EC0-301F-11D3-BF4B-00C04F79EFBC}") = "UserInterface", "UserInterface\UserInterface.csproj", "{017F25D0-21C3-4454-A5F0-C42F09973B68}"
EndProject
Project("{FAE04EC0-301F-11D3-BF4B-00C04F79EFBC}") = "UnitTest", "UnitTest\UnitTest.csproj", "{9F61AF22-EA4E-42FC-99E9-786493480781}"
EndProject
Global
	GlobalSection(SolutionConfigurationPlatforms) = preSolution
		Debug|Any CPU = Debug|Any CPU
		Release|Any CPU = Release|Any CPU
	EndGlobalSection
	GlobalSection(ProjectConfigurationPlatforms) = postSolution
		{B456B39B-642C-4A9C-9A9C-16FC1806FE33}.Debug|Any CPU.ActiveCfg = Debug|Any CPU
		{B456B39B-642C-4A9C-9A9C-16FC1806FE33}.Release|Any CPU.ActiveCfg = Release|Any CPU
		{B456B39B-642C-4A9C-9A9C-16FC1806FE33}.Release|Any CPU.Build.0 = Release|Any CPU
		{017F25D0-21C3-4454-A5F0-C42F09973B68}.Debug|Any CPU.ActiveCfg = Debug|Any CPU
		{017F25D0-21C3-4454-A5F0-C42F09973B68}.Debug|Any CPU.Build.0 = Debug|Any CPU
		{017F25D0-21C3-4454-A5F0-C42F09973B68}.Release|Any CPU.ActiveCfg = Release|Any CPU
		{017F25D0-21C3-4454-A5F0-C42F09973B68}.Release|Any CPU.Build.0 = Release|Any CPU
		{9F61AF22-EA4E-42FC-99E9-786493480781}.Debug|Any CPU.ActiveCfg = Debug|Any CPU
		{9F61AF22-EA4E-42FC-99E9-786493480781}.Release|Any CPU.ActiveCfg = Release|Any CPU
		{9F61AF22-EA4E-42FC-99E9-786493480781}.Release|Any CPU.Build.0 = Release|Any CPU
	EndGlobalSection
	GlobalSection(SolutionProperties) = preSolution
		HideSolutionNode = FALSE
	EndGlobalSection
	GlobalSection(ExtensibilityGlobals) = postSolution
		SolutionGuid = {B647A46D-251D-4065-BFE9-7849526ABF0A}
	EndGlobalSection
EndGlobal
